
Microsoft Visual Studio Solution File, Format Version 12.00
# Visual Studio 14
VisualStudioVersion = 14.0.25123.0
MinimumVisualStudioVersion = 10.0.40219.1
Project("{FAE04EC0-301F-11D3-BF4B-00C04F79EFBC}") = "CarsSystem.Models", "CarsSystem.Models\CarsSystem.Models.csproj", "{FCED756A-B46D-4BE2-B5ED-93A951C57D12}"
EndProject
Project("{FAE04EC0-301F-11D3-BF4B-00C04F79EFBC}") = "CarsSystem.Data", "CarsSystem.Data\CarsSystem.Data.csproj", "{663743C5-F4EA-41E4-9808-6D3B1037024F}"
EndProject
Project("{FAE04EC0-301F-11D3-BF4B-00C04F79EFBC}") = "CarsSystem.Console", "CarsSystem.Console\CarsSystem.Console.csproj", "{842004D7-00C4-4729-93EC-D67057251675}"
EndProject
Global
	GlobalSection(SolutionConfigurationPlatforms) = preSolution
		Debug|Any CPU = Debug|Any CPU
		Release|Any CPU = Release|Any CPU
	EndGlobalSection
	GlobalSection(ProjectConfigurationPlatforms) = postSolution
		{FCED756A-B46D-4BE2-B5ED-93A951C57D12}.Debug|Any CPU.ActiveCfg = Debug|Any CPU
		{FCED756A-B46D-4BE2-B5ED-93A951C57D12}.Debug|Any CPU.Build.0 = Debug|Any CPU
		{FCED756A-B46D-4BE2-B5ED-93A951C57D12}.Release|Any CPU.ActiveCfg = Release|Any CPU
		{FCED756A-B46D-4BE2-B5ED-93A951C57D12}.Release|Any CPU.Build.0 = Release|Any CPU
		{663743C5-F4EA-41E4-9808-6D3B1037024F}.Debug|Any CPU.ActiveCfg = Debug|Any CPU
		{663743C5-F4EA-41E4-9808-6D3B1037024F}.Debug|Any CPU.Build.0 = Debug|Any CPU
		{663743C5-F4EA-41E4-9808-6D3B1037024F}.Release|Any CPU.ActiveCfg = Release|Any CPU
		{663743C5-F4EA-41E4-9808-6D3B1037024F}.Release|Any CPU.Build.0 = Release|Any CPU
		{842004D7-00C4-4729-93EC-D67057251675}.Debug|Any CPU.ActiveCfg = Debug|Any CPU
		{842004D7-00C4-4729-93EC-D67057251675}.Debug|Any CPU.Build.0 = Debug|Any CPU
		{842004D7-00C4-4729-93EC-D67057251675}.Release|Any CPU.ActiveCfg = Release|Any CPU
		{842004D7-00C4-4729-93EC-D67057251675}.Release|Any CPU.Build.0 = Release|Any CPU
	EndGlobalSection
	GlobalSection(SolutionProperties) = preSolution
		HideSolutionNode = FALSE
	EndGlobalSection
EndGlobal
