
Microsoft Visual Studio Solution File, Format Version 12.00
# Visual Studio 14
VisualStudioVersion = 14.0.25123.0
MinimumVisualStudioVersion = 10.0.40219.1
Project("{FAE04EC0-301F-11D3-BF4B-00C04F79EFBC}") = "ToysStore.Data", "ToysStore.Data\ToysStore.Data.csproj", "{19598197-D0EA-45D3-AC94-9EE3D4F4D43D}"
EndProject
Project("{FAE04EC0-301F-11D3-BF4B-00C04F79EFBC}") = "ToysStore.SampleDataGenerator", "ToysStore.SampleDataGenerator\ToysStore.SampleDataGenerator.csproj", "{BE4D20D1-A211-4B87-A14E-044369AA3F40}"
EndProject
Global
	GlobalSection(SolutionConfigurationPlatforms) = preSolution
		Debug|Any CPU = Debug|Any CPU
		Release|Any CPU = Release|Any CPU
	EndGlobalSection
	GlobalSection(ProjectConfigurationPlatforms) = postSolution
		{19598197-D0EA-45D3-AC94-9EE3D4F4D43D}.Debug|Any CPU.ActiveCfg = Debug|Any CPU
		{19598197-D0EA-45D3-AC94-9EE3D4F4D43D}.Debug|Any CPU.Build.0 = Debug|Any CPU
		{19598197-D0EA-45D3-AC94-9EE3D4F4D43D}.Release|Any CPU.ActiveCfg = Release|Any CPU
		{19598197-D0EA-45D3-AC94-9EE3D4F4D43D}.Release|Any CPU.Build.0 = Release|Any CPU
		{BE4D20D1-A211-4B87-A14E-044369AA3F40}.Debug|Any CPU.ActiveCfg = Debug|Any CPU
		{BE4D20D1-A211-4B87-A14E-044369AA3F40}.Debug|Any CPU.Build.0 = Debug|Any CPU
		{BE4D20D1-A211-4B87-A14E-044369AA3F40}.Release|Any CPU.ActiveCfg = Release|Any CPU
		{BE4D20D1-A211-4B87-A14E-044369AA3F40}.Release|Any CPU.Build.0 = Release|Any CPU
	EndGlobalSection
	GlobalSection(SolutionProperties) = preSolution
		HideSolutionNode = FALSE
	EndGlobalSection
EndGlobal
