
Microsoft Visual Studio Solution File, Format Version 12.00
# Visual Studio 14
VisualStudioVersion = 14.0.25123.0
MinimumVisualStudioVersion = 10.0.40219.1
Project("{FAE04EC0-301F-11D3-BF4B-00C04F79EFBC}") = "EfCodeFirst", "EfCodeFirst\EfCodeFirst.csproj", "{F032E803-0475-40D8-A3BE-BE8C7D1CB40F}"
EndProject
Project("{FAE04EC0-301F-11D3-BF4B-00C04F79EFBC}") = "NorthWind.Data", "NorthWind.Data\NorthWind.Data.csproj", "{5DF751EE-1B2C-4135-A70C-F5843D208930}"
EndProject
Project("{FAE04EC0-301F-11D3-BF4B-00C04F79EFBC}") = "Northwind.App", "Northwind.App\Northwind.App.csproj", "{76E0BF3E-5C01-40DD-974E-D33088BE1A1B}"
EndProject
Global
	GlobalSection(SolutionConfigurationPlatforms) = preSolution
		Debug|Any CPU = Debug|Any CPU
		Release|Any CPU = Release|Any CPU
	EndGlobalSection
	GlobalSection(ProjectConfigurationPlatforms) = postSolution
		{F032E803-0475-40D8-A3BE-BE8C7D1CB40F}.Debug|Any CPU.ActiveCfg = Debug|Any CPU
		{F032E803-0475-40D8-A3BE-BE8C7D1CB40F}.Debug|Any CPU.Build.0 = Debug|Any CPU
		{F032E803-0475-40D8-A3BE-BE8C7D1CB40F}.Release|Any CPU.ActiveCfg = Release|Any CPU
		{F032E803-0475-40D8-A3BE-BE8C7D1CB40F}.Release|Any CPU.Build.0 = Release|Any CPU
		{5DF751EE-1B2C-4135-A70C-F5843D208930}.Debug|Any CPU.ActiveCfg = Debug|Any CPU
		{5DF751EE-1B2C-4135-A70C-F5843D208930}.Debug|Any CPU.Build.0 = Debug|Any CPU
		{5DF751EE-1B2C-4135-A70C-F5843D208930}.Release|Any CPU.ActiveCfg = Release|Any CPU
		{5DF751EE-1B2C-4135-A70C-F5843D208930}.Release|Any CPU.Build.0 = Release|Any CPU
		{76E0BF3E-5C01-40DD-974E-D33088BE1A1B}.Debug|Any CPU.ActiveCfg = Debug|Any CPU
		{76E0BF3E-5C01-40DD-974E-D33088BE1A1B}.Debug|Any CPU.Build.0 = Debug|Any CPU
		{76E0BF3E-5C01-40DD-974E-D33088BE1A1B}.Release|Any CPU.ActiveCfg = Release|Any CPU
		{76E0BF3E-5C01-40DD-974E-D33088BE1A1B}.Release|Any CPU.Build.0 = Release|Any CPU
	EndGlobalSection
	GlobalSection(SolutionProperties) = preSolution
		HideSolutionNode = FALSE
	EndGlobalSection
EndGlobal
